// !$*UTF8*$!
{
	archiveVersion = 1;
	classes = {
	};
	objectVersion = 50;
	objects = {

/* Begin PBXBuildFile section */
		098D65CB22C72D390062DFF3 /* AppDelegate.swift in Sources */ = {isa = PBXBuildFile; fileRef = 098D65CA22C72D390062DFF3 /* AppDelegate.swift */; };
		098D65CD22C72D390062DFF3 /* MasterViewController.swift in Sources */ = {isa = PBXBuildFile; fileRef = 098D65CC22C72D390062DFF3 /* MasterViewController.swift */; };
		098D65D222C72D390062DFF3 /* Main.storyboard in Resources */ = {isa = PBXBuildFile; fileRef = 098D65D022C72D390062DFF3 /* Main.storyboard */; };
		098D65D422C72D3A0062DFF3 /* Assets.xcassets in Resources */ = {isa = PBXBuildFile; fileRef = 098D65D322C72D3A0062DFF3 /* Assets.xcassets */; };
		098D65D722C72D3A0062DFF3 /* LaunchScreen.storyboard in Resources */ = {isa = PBXBuildFile; fileRef = 098D65D522C72D3A0062DFF3 /* LaunchScreen.storyboard */; };
		098D65DF22C72E0D0062DFF3 /* planets.json in Resources */ = {isa = PBXBuildFile; fileRef = 098D65DE22C72E0D0062DFF3 /* planets.json */; };
		098D65E122C77E920062DFF3 /* ARSceneViewController.swift in Sources */ = {isa = PBXBuildFile; fileRef = 098D65E022C77E920062DFF3 /* ARSceneViewController.swift */; };
		098D661122C7A36D0062DFF3 /* mercury.mp3 in Resources */ = {isa = PBXBuildFile; fileRef = 098D660922C7A36D0062DFF3 /* mercury.mp3 */; };
		098D661222C7A36D0062DFF3 /* mars.mp3 in Resources */ = {isa = PBXBuildFile; fileRef = 098D660A22C7A36D0062DFF3 /* mars.mp3 */; };
		098D661322C7A36D0062DFF3 /* neptune.mp3 in Resources */ = {isa = PBXBuildFile; fileRef = 098D660B22C7A36D0062DFF3 /* neptune.mp3 */; };
		098D661422C7A36D0062DFF3 /* earth.mp3 in Resources */ = {isa = PBXBuildFile; fileRef = 098D660C22C7A36D0062DFF3 /* earth.mp3 */; };
		098D661522C7A36D0062DFF3 /* jupiter.mp3 in Resources */ = {isa = PBXBuildFile; fileRef = 098D660D22C7A36D0062DFF3 /* jupiter.mp3 */; };
		098D661622C7A36D0062DFF3 /* saturn.mp3 in Resources */ = {isa = PBXBuildFile; fileRef = 098D660E22C7A36D0062DFF3 /* saturn.mp3 */; };
		098D661722C7A36D0062DFF3 /* venus.mp3 in Resources */ = {isa = PBXBuildFile; fileRef = 098D660F22C7A36D0062DFF3 /* venus.mp3 */; };
		098D661822C7A36D0062DFF3 /* uranus.mp3 in Resources */ = {isa = PBXBuildFile; fileRef = 098D661022C7A36D0062DFF3 /* uranus.mp3 */; };
		098D661C22C7BCEE0062DFF3 /* DetailViewController.swift in Sources */ = {isa = PBXBuildFile; fileRef = 098D661B22C7BCEE0062DFF3 /* DetailViewController.swift */; };
/* End PBXBuildFile section */

/* Begin PBXFileReference section */
		098D65C722C72D390062DFF3 /* SolAR System.app */ = {isa = PBXFileReference; explicitFileType = wrapper.application; includeInIndex = 0; path = "SolAR System.app"; sourceTree = BUILT_PRODUCTS_DIR; };
		098D65CA22C72D390062DFF3 /* AppDelegate.swift */ = {isa = PBXFileReference; lastKnownFileType = sourcecode.swift; path = AppDelegate.swift; sourceTree = "<group>"; };
		098D65CC22C72D390062DFF3 /* MasterViewController.swift */ = {isa = PBXFileReference; lastKnownFileType = sourcecode.swift; path = MasterViewController.swift; sourceTree = "<group>"; };
		098D65D122C72D390062DFF3 /* Base */ = {isa = PBXFileReference; lastKnownFileType = file.storyboard; name = Base; path = Base.lproj/Main.storyboard; sourceTree = "<group>"; };
		098D65D322C72D3A0062DFF3 /* Assets.xcassets */ = {isa = PBXFileReference; lastKnownFileType = folder.assetcatalog; path = Assets.xcassets; sourceTree = "<group>"; };
		098D65D622C72D3A0062DFF3 /* Base */ = {isa = PBXFileReference; lastKnownFileType = file.storyboard; name = Base; path = Base.lproj/LaunchScreen.storyboard; sourceTree = "<group>"; };
		098D65D822C72D3A0062DFF3 /* Info.plist */ = {isa = PBXFileReference; lastKnownFileType = text.plist.xml; path = Info.plist; sourceTree = "<group>"; };
		098D65DE22C72E0D0062DFF3 /* planets.json */ = {isa = PBXFileReference; fileEncoding = 4; lastKnownFileType = text.json; path = planets.json; sourceTree = "<group>"; };
		098D65E022C77E920062DFF3 /* ARSceneViewController.swift */ = {isa = PBXFileReference; lastKnownFileType = sourcecode.swift; path = ARSceneViewController.swift; sourceTree = "<group>"; };
		098D660922C7A36D0062DFF3 /* mercury.mp3 */ = {isa = PBXFileReference; lastKnownFileType = audio.mp3; path = mercury.mp3; sourceTree = "<group>"; };
		098D660A22C7A36D0062DFF3 /* mars.mp3 */ = {isa = PBXFileReference; lastKnownFileType = audio.mp3; path = mars.mp3; sourceTree = "<group>"; };
		098D660B22C7A36D0062DFF3 /* neptune.mp3 */ = {isa = PBXFileReference; lastKnownFileType = audio.mp3; path = neptune.mp3; sourceTree = "<group>"; };
		098D660C22C7A36D0062DFF3 /* earth.mp3 */ = {isa = PBXFileReference; lastKnownFileType = audio.mp3; path = earth.mp3; sourceTree = "<group>"; };
		098D660D22C7A36D0062DFF3 /* jupiter.mp3 */ = {isa = PBXFileReference; lastKnownFileType = audio.mp3; path = jupiter.mp3; sourceTree = "<group>"; };
		098D660E22C7A36D0062DFF3 /* saturn.mp3 */ = {isa = PBXFileReference; lastKnownFileType = audio.mp3; path = saturn.mp3; sourceTree = "<group>"; };
		098D660F22C7A36D0062DFF3 /* venus.mp3 */ = {isa = PBXFileReference; lastKnownFileType = audio.mp3; path = venus.mp3; sourceTree = "<group>"; };
		098D661022C7A36D0062DFF3 /* uranus.mp3 */ = {isa = PBXFileReference; lastKnownFileType = audio.mp3; path = uranus.mp3; sourceTree = "<group>"; };
		098D661B22C7BCEE0062DFF3 /* DetailViewController.swift */ = {isa = PBXFileReference; lastKnownFileType = sourcecode.swift; path = DetailViewController.swift; sourceTree = "<group>"; };
/* End PBXFileReference section */

/* Begin PBXFrameworksBuildPhase section */
		098D65C422C72D390062DFF3 /* Frameworks */ = {
			isa = PBXFrameworksBuildPhase;
			buildActionMask = 2147483647;
			files = (
			);
			runOnlyForDeploymentPostprocessing = 0;
		};
/* End PBXFrameworksBuildPhase section */

/* Begin PBXGroup section */
		098D65BE22C72D390062DFF3 = {
			isa = PBXGroup;
			children = (
				098D65C922C72D390062DFF3 /* SolAR System */,
				098D65C822C72D390062DFF3 /* Products */,
			);
			sourceTree = "<group>";
		};
		098D65C822C72D390062DFF3 /* Products */ = {
			isa = PBXGroup;
			children = (
				098D65C722C72D390062DFF3 /* SolAR System.app */,
			);
			name = Products;
			sourceTree = "<group>";
		};
		098D65C922C72D390062DFF3 /* SolAR System */ = {
			isa = PBXGroup;
			children = (
				098D65CA22C72D390062DFF3 /* AppDelegate.swift */,
				098D65CC22C72D390062DFF3 /* MasterViewController.swift */,
				098D661B22C7BCEE0062DFF3 /* DetailViewController.swift */,
				098D65E022C77E920062DFF3 /* ARSceneViewController.swift */,
				098D65DE22C72E0D0062DFF3 /* planets.json */,
				098D660C22C7A36D0062DFF3 /* earth.mp3 */,
				098D660D22C7A36D0062DFF3 /* jupiter.mp3 */,
				098D660A22C7A36D0062DFF3 /* mars.mp3 */,
				098D660922C7A36D0062DFF3 /* mercury.mp3 */,
				098D660B22C7A36D0062DFF3 /* neptune.mp3 */,
				098D660E22C7A36D0062DFF3 /* saturn.mp3 */,
				098D661022C7A36D0062DFF3 /* uranus.mp3 */,
				098D660F22C7A36D0062DFF3 /* venus.mp3 */,
				098D65D022C72D390062DFF3 /* Main.storyboard */,
				098D65D322C72D3A0062DFF3 /* Assets.xcassets */,
				098D65D522C72D3A0062DFF3 /* LaunchScreen.storyboard */,
				098D65D822C72D3A0062DFF3 /* Info.plist */,
			);
			path = "SolAR System";
			sourceTree = "<group>";
		};
/* End PBXGroup section */

/* Begin PBXNativeTarget section */
		098D65C622C72D390062DFF3 /* SolAR System */ = {
			isa = PBXNativeTarget;
			buildConfigurationList = 098D65DB22C72D3A0062DFF3 /* Build configuration list for PBXNativeTarget "SolAR System" */;
			buildPhases = (
				098D65C322C72D390062DFF3 /* Sources */,
				098D65C422C72D390062DFF3 /* Frameworks */,
				098D65C522C72D390062DFF3 /* Resources */,
			);
			buildRules = (
			);
			dependencies = (
			);
			name = "SolAR System";
			productName = "SolAR System";
			productReference = 098D65C722C72D390062DFF3 /* SolAR System.app */;
			productType = "com.apple.product-type.application";
		};
/* End PBXNativeTarget section */

/* Begin PBXProject section */
		098D65BF22C72D390062DFF3 /* Project object */ = {
			isa = PBXProject;
			attributes = {
				LastSwiftUpdateCheck = 1000;
				LastUpgradeCheck = 1000;
				ORGANIZATIONNAME = Andika;
				TargetAttributes = {
					098D65C622C72D390062DFF3 = {
						CreatedOnToolsVersion = 10.0;
					};
				};
			};
			buildConfigurationList = 098D65C222C72D390062DFF3 /* Build configuration list for PBXProject "SolAR System" */;
			compatibilityVersion = "Xcode 9.3";
			developmentRegion = en;
			hasScannedForEncodings = 0;
			knownRegions = (
				en,
				Base,
			);
			mainGroup = 098D65BE22C72D390062DFF3;
			productRefGroup = 098D65C822C72D390062DFF3 /* Products */;
			projectDirPath = "";
			projectRoot = "";
			targets = (
				098D65C622C72D390062DFF3 /* SolAR System */,
			);
		};
/* End PBXProject section */

/* Begin PBXResourcesBuildPhase section */
		098D65C522C72D390062DFF3 /* Resources */ = {
			isa = PBXResourcesBuildPhase;
			buildActionMask = 2147483647;
			files = (
				098D661322C7A36D0062DFF3 /* neptune.mp3 in Resources */,
				098D661122C7A36D0062DFF3 /* mercury.mp3 in Resources */,
				098D661222C7A36D0062DFF3 /* mars.mp3 in Resources */,
				098D65D722C72D3A0062DFF3 /* LaunchScreen.storyboard in Resources */,
				098D661722C7A36D0062DFF3 /* venus.mp3 in Resources */,
				098D661622C7A36D0062DFF3 /* saturn.mp3 in Resources */,
				098D65D422C72D3A0062DFF3 /* Assets.xcassets in Resources */,
				098D661822C7A36D0062DFF3 /* uranus.mp3 in Resources */,
				098D661422C7A36D0062DFF3 /* earth.mp3 in Resources */,
				098D65D222C72D390062DFF3 /* Main.storyboard in Resources */,
				098D65DF22C72E0D0062DFF3 /* planets.json in Resources */,
				098D661522C7A36D0062DFF3 /* jupiter.mp3 in Resources */,
			);
			runOnlyForDeploymentPostprocessing = 0;
		};
/* End PBXResourcesBuildPhase section */

/* Begin PBXSourcesBuildPhase section */
		098D65C322C72D390062DFF3 /* Sources */ = {
			isa = PBXSourcesBuildPhase;
			buildActionMask = 2147483647;
			files = (
				098D65CD22C72D390062DFF3 /* MasterViewController.swift in Sources */,
				098D65E122C77E920062DFF3 /* ARSceneViewController.swift in Sources */,
				098D65CB22C72D390062DFF3 /* AppDelegate.swift in Sources */,
				098D661C22C7BCEE0062DFF3 /* DetailViewController.swift in Sources */,
			);
			runOnlyForDeploymentPostprocessing = 0;
		};
/* End PBXSourcesBuildPhase section */

/* Begin PBXVariantGroup section */
		098D65D022C72D390062DFF3 /* Main.storyboard */ = {
			isa = PBXVariantGroup;
			children = (
				098D65D122C72D390062DFF3 /* Base */,
			);
			name = Main.storyboard;
			sourceTree = "<group>";
		};
		098D65D522C72D3A0062DFF3 /* LaunchScreen.storyboard */ = {
			isa = PBXVariantGroup;
			children = (
				098D65D622C72D3A0062DFF3 /* Base */,
			);
			name = LaunchScreen.storyboard;
			sourceTree = "<group>";
		};
/* End PBXVariantGroup section */

/* Begin XCBuildConfiguration section */
		098D65D922C72D3A0062DFF3 /* Debug */ = {
			isa = XCBuildConfiguration;
			buildSettings = {
				ALWAYS_SEARCH_USER_PATHS = NO;
				CLANG_ANALYZER_NONNULL = YES;
				CLANG_ANALYZER_NUMBER_OBJECT_CONVERSION = YES_AGGRESSIVE;
				CLANG_CXX_LANGUAGE_STANDARD = "gnu++14";
				CLANG_CXX_LIBRARY = "libc++";
				CLANG_ENABLE_MODULES = YES;
				CLANG_ENABLE_OBJC_ARC = YES;
				CLANG_ENABLE_OBJC_WEAK = YES;
				CLANG_WARN_BLOCK_CAPTURE_AUTORELEASING = YES;
				CLANG_WARN_BOOL_CONVERSION = YES;
				CLANG_WARN_COMMA = YES;
				CLANG_WARN_CONSTANT_CONVERSION = YES;
				CLANG_WARN_DEPRECATED_OBJC_IMPLEMENTATIONS = YES;
				CLANG_WARN_DIRECT_OBJC_ISA_USAGE = YES_ERROR;
				CLANG_WARN_DOCUMENTATION_COMMENTS = YES;
				CLANG_WARN_EMPTY_BODY = YES;
				CLANG_WARN_ENUM_CONVERSION = YES;
				CLANG_WARN_INFINITE_RECURSION = YES;
				CLANG_WARN_INT_CONVERSION = YES;
				CLANG_WARN_NON_LITERAL_NULL_CONVERSION = YES;
				CLANG_WARN_OBJC_IMPLICIT_RETAIN_SELF = YES;
				CLANG_WARN_OBJC_LITERAL_CONVERSION = YES;
				CLANG_WARN_OBJC_ROOT_CLASS = YES_ERROR;
				CLANG_WARN_RANGE_LOOP_ANALYSIS = YES;
				CLANG_WARN_STRICT_PROTOTYPES = YES;
				CLANG_WARN_SUSPICIOUS_MOVE = YES;
				CLANG_WARN_UNGUARDED_AVAILABILITY = YES_AGGRESSIVE;
				CLANG_WARN_UNREACHABLE_CODE = YES;
				CLANG_WARN__DUPLICATE_METHOD_MATCH = YES;
				CODE_SIGN_IDENTITY = "iPhone Developer";
				COPY_PHASE_STRIP = NO;
				DEBUG_INFORMATION_FORMAT = dwarf;
				ENABLE_STRICT_OBJC_MSGSEND = YES;
				ENABLE_TESTABILITY = YES;
				GCC_C_LANGUAGE_STANDARD = gnu11;
				GCC_DYNAMIC_NO_PIC = NO;
				GCC_NO_COMMON_BLOCKS = YES;
				GCC_OPTIMIZATION_LEVEL = 0;
				GCC_PREPROCESSOR_DEFINITIONS = (
					"DEBUG=1",
					"$(inherited)",
				);
				GCC_WARN_64_TO_32_BIT_CONVERSION = YES;
				GCC_WARN_ABOUT_RETURN_TYPE = YES_ERROR;
				GCC_WARN_UNDECLARED_SELECTOR = YES;
				GCC_WARN_UNINITIALIZED_AUTOS = YES_AGGRESSIVE;
				GCC_WARN_UNUSED_FUNCTION = YES;
				GCC_WARN_UNUSED_VARIABLE = YES;
				IPHONEOS_DEPLOYMENT_TARGET = 12.0;
				MTL_ENABLE_DEBUG_INFO = INCLUDE_SOURCE;
				MTL_FAST_MATH = YES;
				ONLY_ACTIVE_ARCH = YES;
				SDKROOT = iphoneos;
				SWIFT_ACTIVE_COMPILATION_CONDITIONS = DEBUG;
				SWIFT_OPTIMIZATION_LEVEL = "-Onone";
			};
			name = Debug;
		};
		098D65DA22C72D3A0062DFF3 /* Release */ = {
			isa = XCBuildConfiguration;
			buildSettings = {
				ALWAYS_SEARCH_USER_PATHS = NO;
				CLANG_ANALYZER_NONNULL = YES;
				CLANG_ANALYZER_NUMBER_OBJECT_CONVERSION = YES_AGGRESSIVE;
				CLANG_CXX_LANGUAGE_STANDARD = "gnu++14";
				CLANG_CXX_LIBRARY = "libc++";
				CLANG_ENABLE_MODULES = YES;
				CLANG_ENABLE_OBJC_ARC = YES;
				CLANG_ENABLE_OBJC_WEAK = YES;
				CLANG_WARN_BLOCK_CAPTURE_AUTORELEASING = YES;
				CLANG_WARN_BOOL_CONVERSION = YES;
				CLANG_WARN_COMMA = YES;
				CLANG_WARN_CONSTANT_CONVERSION = YES;
				CLANG_WARN_DEPRECATED_OBJC_IMPLEMENTATIONS = YES;
				CLANG_WARN_DIRECT_OBJC_ISA_USAGE = YES_ERROR;
				CLANG_WARN_DOCUMENTATION_COMMENTS = YES;
				CLANG_WARN_EMPTY_BODY = YES;
				CLANG_WARN_ENUM_CONVERSION = YES;
				CLANG_WARN_INFINITE_RECURSION = YES;
				CLANG_WARN_INT_CONVERSION = YES;
				CLANG_WARN_NON_LITERAL_NULL_CONVERSION = YES;
				CLANG_WARN_OBJC_IMPLICIT_RETAIN_SELF = YES;
				CLANG_WARN_OBJC_LITERAL_CONVERSION = YES;
				CLANG_WARN_OBJC_ROOT_CLASS = YES_ERROR;
				CLANG_WARN_RANGE_LOOP_ANALYSIS = YES;
				CLANG_WARN_STRICT_PROTOTYPES = YES;
				CLANG_WARN_SUSPICIOUS_MOVE = YES;
				CLANG_WARN_UNGUARDED_AVAILABILITY = YES_AGGRESSIVE;
				CLANG_WARN_UNREACHABLE_CODE = YES;
				CLANG_WARN__DUPLICATE_METHOD_MATCH = YES;
				CODE_SIGN_IDENTITY = "iPhone Developer";
				COPY_PHASE_STRIP = NO;
				DEBUG_INFORMATION_FORMAT = "dwarf-with-dsym";
				ENABLE_NS_ASSERTIONS = NO;
				ENABLE_STRICT_OBJC_MSGSEND = YES;
				GCC_C_LANGUAGE_STANDARD = gnu11;
				GCC_NO_COMMON_BLOCKS = YES;
				GCC_WARN_64_TO_32_BIT_CONVERSION = YES;
				GCC_WARN_ABOUT_RETURN_TYPE = YES_ERROR;
				GCC_WARN_UNDECLARED_SELECTOR = YES;
				GCC_WARN_UNINITIALIZED_AUTOS = YES_AGGRESSIVE;
				GCC_WARN_UNUSED_FUNCTION = YES;
				GCC_WARN_UNUSED_VARIABLE = YES;
				IPHONEOS_DEPLOYMENT_TARGET = 12.0;
				MTL_ENABLE_DEBUG_INFO = NO;
				MTL_FAST_MATH = YES;
				SDKROOT = iphoneos;
				SWIFT_COMPILATION_MODE = wholemodule;
				SWIFT_OPTIMIZATION_LEVEL = "-O";
				VALIDATE_PRODUCT = YES;
			};
			name = Release;
		};
		098D65DC22C72D3A0062DFF3 /* Debug */ = {
			isa = XCBuildConfiguration;
			buildSettings = {
				ASSETCATALOG_COMPILER_APPICON_NAME = AppIcon;
				CODE_SIGN_STYLE = Automatic;
				DEVELOPMENT_TEAM = BTAM83YYJR;
				INFOPLIST_FILE = "SolAR System/Info.plist";
				LD_RUNPATH_SEARCH_PATHS = (
					"$(inherited)",
					"@executable_path/Frameworks",
				);
				PRODUCT_BUNDLE_IDENTIFIER = "space.mrandika.SolAR-System";
				PRODUCT_NAME = "$(TARGET_NAME)";
				SWIFT_VERSION = 4.2;
				TARGETED_DEVICE_FAMILY = "1,2";
			};
			name = Debug;
		};
		098D65DD22C72D3A0062DFF3 /* Release */ = {
			isa = XCBuildConfiguration;
			buildSettings = {
				ASSETCATALOG_COMPILER_APPICON_NAME = AppIcon;
				CODE_SIGN_STYLE = Automatic;
				DEVELOPMENT_TEAM = BTAM83YYJR;
				INFOPLIST_FILE = "SolAR System/Info.plist";
				LD_RUNPATH_SEARCH_PATHS = (
					"$(inherited)",
					"@executable_path/Frameworks",
				);
				PRODUCT_BUNDLE_IDENTIFIER = "space.mrandika.SolAR-System";
				PRODUCT_NAME = "$(TARGET_NAME)";
				SWIFT_VERSION = 4.2;
				TARGETED_DEVICE_FAMILY = "1,2";
			};
			name = Release;
		};
/* End XCBuildConfiguration section */

/* Begin XCConfigurationList section */
		098D65C222C72D390062DFF3 /* Build configuration list for PBXProject "SolAR System" */ = {
			isa = XCConfigurationList;
			buildConfigurations = (
				098D65D922C72D3A0062DFF3 /* Debug */,
				098D65DA22C72D3A0062DFF3 /* Release */,
			);
			defaultConfigurationIsVisible = 0;
			defaultConfigurationName = Release;
		};
		098D65DB22C72D3A0062DFF3 /* Build configuration list for PBXNativeTarget "SolAR System" */ = {
			isa = XCConfigurationList;
			buildConfigurations = (
				098D65DC22C72D3A0062DFF3 /* Debug */,
				098D65DD22C72D3A0062DFF3 /* Release */,
			);
			defaultConfigurationIsVisible = 0;
			defaultConfigurationName = Release;
		};
/* End XCConfigurationList section */
	};
	rootObject = 098D65BF22C72D390062DFF3 /* Project object */;
}
